
Microsoft Visual Studio Solution File, Format Version 12.00
# Visual Studio Version 16
VisualStudioVersion = 16.0.30717.126
MinimumVisualStudioVersion = 10.0.40219.1
Project("{8BC9CEB8-8B4A-11D0-8D11-00A0C91BC942}") = "UnitTest2", "..\UnitTest2\UnitTest2.vcxproj", "{60908245-5DEC-47E6-AE7D-230B870258B3}"
EndProject
Project("{8BC9CEB8-8B4A-11D0-8D11-00A0C91BC942}") = "Matrixes", "..\Matrixes\Matrixes.vcxproj", "{A254FDE3-7940-4A5F-87FE-CD8DF34717C1}"
EndProject
Global
	GlobalSection(SolutionConfigurationPlatforms) = preSolution
		Debug|x64 = Debug|x64
		Debug|x86 = Debug|x86
		Release|x64 = Release|x64
		Release|x86 = Release|x86
	EndGlobalSection
	GlobalSection(ProjectConfigurationPlatforms) = postSolution
		{60908245-5DEC-47E6-AE7D-230B870258B3}.Debug|x64.ActiveCfg = Debug|x64
		{60908245-5DEC-47E6-AE7D-230B870258B3}.Debug|x64.Build.0 = Debug|x64
		{60908245-5DEC-47E6-AE7D-230B870258B3}.Debug|x86.ActiveCfg = Debug|Win32
		{60908245-5DEC-47E6-AE7D-230B870258B3}.Debug|x86.Build.0 = Debug|Win32
		{60908245-5DEC-47E6-AE7D-230B870258B3}.Release|x64.ActiveCfg = Release|x64
		{60908245-5DEC-47E6-AE7D-230B870258B3}.Release|x64.Build.0 = Release|x64
		{60908245-5DEC-47E6-AE7D-230B870258B3}.Release|x86.ActiveCfg = Release|Win32
		{60908245-5DEC-47E6-AE7D-230B870258B3}.Release|x86.Build.0 = Release|Win32
		{A254FDE3-7940-4A5F-87FE-CD8DF34717C1}.Debug|x64.ActiveCfg = Debug|x64
		{A254FDE3-7940-4A5F-87FE-CD8DF34717C1}.Debug|x64.Build.0 = Debug|x64
		{A254FDE3-7940-4A5F-87FE-CD8DF34717C1}.Debug|x86.ActiveCfg = Debug|Win32
		{A254FDE3-7940-4A5F-87FE-CD8DF34717C1}.Debug|x86.Build.0 = Debug|Win32
		{A254FDE3-7940-4A5F-87FE-CD8DF34717C1}.Release|x64.ActiveCfg = Release|x64
		{A254FDE3-7940-4A5F-87FE-CD8DF34717C1}.Release|x64.Build.0 = Release|x64
		{A254FDE3-7940-4A5F-87FE-CD8DF34717C1}.Release|x86.ActiveCfg = Release|Win32
		{A254FDE3-7940-4A5F-87FE-CD8DF34717C1}.Release|x86.Build.0 = Release|Win32
	EndGlobalSection
	GlobalSection(SolutionProperties) = preSolution
		HideSolutionNode = FALSE
	EndGlobalSection
	GlobalSection(ExtensibilityGlobals) = postSolution
		SolutionGuid = {CCB0D49E-8C3F-4C84-9924-BB070E428A54}
	EndGlobalSection
EndGlobal
